// !$*UTF8*$!
{
	archiveVersion = 1;
	classes = {
	};
	objectVersion = 46;
	objects = {

/* Begin PBXBuildFile section */
		2D2B8FDA1FE929CA00349254 /* AppDelegate.swift in Sources */ = {isa = PBXBuildFile; fileRef = 2D2B8FD91FE929CA00349254 /* AppDelegate.swift */; };
		2D2B8FDC1FE929CA00349254 /* ViewController.swift in Sources */ = {isa = PBXBuildFile; fileRef = 2D2B8FDB1FE929CA00349254 /* ViewController.swift */; };
		2D2B8FDF1FE929CA00349254 /* Main.storyboard in Resources */ = {isa = PBXBuildFile; fileRef = 2D2B8FDD1FE929CA00349254 /* Main.storyboard */; };
		2D2B8FE21FE929CA00349254 /* MapKitDemo.xcdatamodeld in Sources */ = {isa = PBXBuildFile; fileRef = 2D2B8FE01FE929CA00349254 /* MapKitDemo.xcdatamodeld */; };
		2D2B8FE41FE929CA00349254 /* Assets.xcassets in Resources */ = {isa = PBXBuildFile; fileRef = 2D2B8FE31FE929CA00349254 /* Assets.xcassets */; };
		2D2B8FE71FE929CA00349254 /* LaunchScreen.storyboard in Resources */ = {isa = PBXBuildFile; fileRef = 2D2B8FE51FE929CA00349254 /* LaunchScreen.storyboard */; };
		2D6487A11FEBB7B600E0B131 /* MapKit.framework in Frameworks */ = {isa = PBXBuildFile; fileRef = 2D6487A01FEBB7B600E0B131 /* MapKit.framework */; };
		2D6487A31FEBB7CA00E0B131 /* CoreLocation.framework in Frameworks */ = {isa = PBXBuildFile; fileRef = 2D6487A21FEBB7CA00E0B131 /* CoreLocation.framework */; };
/* End PBXBuildFile section */

/* Begin PBXFileReference section */
		2D2B8FD61FE929CA00349254 /* MapKitDemo.app */ = {isa = PBXFileReference; explicitFileType = wrapper.application; includeInIndex = 0; path = MapKitDemo.app; sourceTree = BUILT_PRODUCTS_DIR; };
		2D2B8FD91FE929CA00349254 /* AppDelegate.swift */ = {isa = PBXFileReference; lastKnownFileType = sourcecode.swift; path = AppDelegate.swift; sourceTree = "<group>"; };
		2D2B8FDB1FE929CA00349254 /* ViewController.swift */ = {isa = PBXFileReference; lastKnownFileType = sourcecode.swift; path = ViewController.swift; sourceTree = "<group>"; };
		2D2B8FDE1FE929CA00349254 /* Base */ = {isa = PBXFileReference; lastKnownFileType = file.storyboard; name = Base; path = Base.lproj/Main.storyboard; sourceTree = "<group>"; };
		2D2B8FE11FE929CA00349254 /* MapKitDemo.xcdatamodel */ = {isa = PBXFileReference; lastKnownFileType = wrapper.xcdatamodel; path = MapKitDemo.xcdatamodel; sourceTree = "<group>"; };
		2D2B8FE31FE929CA00349254 /* Assets.xcassets */ = {isa = PBXFileReference; lastKnownFileType = folder.assetcatalog; path = Assets.xcassets; sourceTree = "<group>"; };
		2D2B8FE61FE929CA00349254 /* Base */ = {isa = PBXFileReference; lastKnownFileType = file.storyboard; name = Base; path = Base.lproj/LaunchScreen.storyboard; sourceTree = "<group>"; };
		2D2B8FE81FE929CA00349254 /* Info.plist */ = {isa = PBXFileReference; lastKnownFileType = text.plist.xml; path = Info.plist; sourceTree = "<group>"; };
		2D6487A01FEBB7B600E0B131 /* MapKit.framework */ = {isa = PBXFileReference; lastKnownFileType = wrapper.framework; name = MapKit.framework; path = System/Library/Frameworks/MapKit.framework; sourceTree = SDKROOT; };
		2D6487A21FEBB7CA00E0B131 /* CoreLocation.framework */ = {isa = PBXFileReference; lastKnownFileType = wrapper.framework; name = CoreLocation.framework; path = System/Library/Frameworks/CoreLocation.framework; sourceTree = SDKROOT; };
/* End PBXFileReference section */

/* Begin PBXFrameworksBuildPhase section */
		2D2B8FD31FE929CA00349254 /* Frameworks */ = {
			isa = PBXFrameworksBuildPhase;
			buildActionMask = 2147483647;
			files = (
				2D6487A31FEBB7CA00E0B131 /* CoreLocation.framework in Frameworks */,
				2D6487A11FEBB7B600E0B131 /* MapKit.framework in Frameworks */,
			);
			runOnlyForDeploymentPostprocessing = 0;
		};
/* End PBXFrameworksBuildPhase section */

/* Begin PBXGroup section */
		2D2B8FCD1FE929CA00349254 = {
			isa = PBXGroup;
			children = (
				2D2B8FD81FE929CA00349254 /* MapKitDemo */,
				2D2B8FD71FE929CA00349254 /* Products */,
				2D64879F1FEBB7B600E0B131 /* Frameworks */,
			);
			sourceTree = "<group>";
		};
		2D2B8FD71FE929CA00349254 /* Products */ = {
			isa = PBXGroup;
			children = (
				2D2B8FD61FE929CA00349254 /* MapKitDemo.app */,
			);
			name = Products;
			sourceTree = "<group>";
		};
		2D2B8FD81FE929CA00349254 /* MapKitDemo */ = {
			isa = PBXGroup;
			children = (
				2D2B8FD91FE929CA00349254 /* AppDelegate.swift */,
				2D2B8FDB1FE929CA00349254 /* ViewController.swift */,
				2D2B8FDD1FE929CA00349254 /* Main.storyboard */,
				2D2B8FE31FE929CA00349254 /* Assets.xcassets */,
				2D2B8FE51FE929CA00349254 /* LaunchScreen.storyboard */,
				2D2B8FE81FE929CA00349254 /* Info.plist */,
				2D2B8FE01FE929CA00349254 /* MapKitDemo.xcdatamodeld */,
			);
			path = MapKitDemo;
			sourceTree = "<group>";
		};
		2D64879F1FEBB7B600E0B131 /* Frameworks */ = {
			isa = PBXGroup;
			children = (
				2D6487A21FEBB7CA00E0B131 /* CoreLocation.framework */,
				2D6487A01FEBB7B600E0B131 /* MapKit.framework */,
			);
			name = Frameworks;
			sourceTree = "<group>";
		};
/* End PBXGroup section */

/* Begin PBXNativeTarget section */
		2D2B8FD51FE929CA00349254 /* MapKitDemo */ = {
			isa = PBXNativeTarget;
			buildConfigurationList = 2D2B8FEB1FE929CA00349254 /* Build configuration list for PBXNativeTarget "MapKitDemo" */;
			buildPhases = (
				2D2B8FD21FE929CA00349254 /* Sources */,
				2D2B8FD31FE929CA00349254 /* Frameworks */,
				2D2B8FD41FE929CA00349254 /* Resources */,
			);
			buildRules = (
			);
			dependencies = (
			);
			name = MapKitDemo;
			productName = MapKitDemo;
			productReference = 2D2B8FD61FE929CA00349254 /* MapKitDemo.app */;
			productType = "com.apple.product-type.application";
		};
/* End PBXNativeTarget section */

/* Begin PBXProject section */
		2D2B8FCE1FE929CA00349254 /* Project object */ = {
			isa = PBXProject;
			attributes = {
				LastSwiftUpdateCheck = 0830;
				LastUpgradeCheck = 0830;
				ORGANIZATIONNAME = Mobioapp;
				TargetAttributes = {
					2D2B8FD51FE929CA00349254 = {
						CreatedOnToolsVersion = 8.3.3;
						ProvisioningStyle = Automatic;
					};
				};
			};
			buildConfigurationList = 2D2B8FD11FE929CA00349254 /* Build configuration list for PBXProject "MapKitDemo" */;
			compatibilityVersion = "Xcode 3.2";
			developmentRegion = English;
			hasScannedForEncodings = 0;
			knownRegions = (
				en,
				Base,
			);
			mainGroup = 2D2B8FCD1FE929CA00349254;
			productRefGroup = 2D2B8FD71FE929CA00349254 /* Products */;
			projectDirPath = "";
			projectRoot = "";
			targets = (
				2D2B8FD51FE929CA00349254 /* MapKitDemo */,
			);
		};
/* End PBXProject section */

/* Begin PBXResourcesBuildPhase section */
		2D2B8FD41FE929CA00349254 /* Resources */ = {
			isa = PBXResourcesBuildPhase;
			buildActionMask = 2147483647;
			files = (
				2D2B8FE71FE929CA00349254 /* LaunchScreen.storyboard in Resources */,
				2D2B8FE41FE929CA00349254 /* Assets.xcassets in Resources */,
				2D2B8FDF1FE929CA00349254 /* Main.storyboard in Resources */,
			);
			runOnlyForDeploymentPostprocessing = 0;
		};
/* End PBXResourcesBuildPhase section */

/* Begin PBXSourcesBuildPhase section */
		2D2B8FD21FE929CA00349254 /* Sources */ = {
			isa = PBXSourcesBuildPhase;
			buildActionMask = 2147483647;
			files = (
				2D2B8FDC1FE929CA00349254 /* ViewController.swift in Sources */,
				2D2B8FDA1FE929CA00349254 /* AppDelegate.swift in Sources */,
				2D2B8FE21FE929CA00349254 /* MapKitDemo.xcdatamodeld in Sources */,
			);
			runOnlyForDeploymentPostprocessing = 0;
		};
/* End PBXSourcesBuildPhase section */

/* Begin PBXVariantGroup section */
		2D2B8FDD1FE929CA00349254 /* Main.storyboard */ = {
			isa = PBXVariantGroup;
			children = (
				2D2B8FDE1FE929CA00349254 /* Base */,
			);
			name = Main.storyboard;
			sourceTree = "<group>";
		};
		2D2B8FE51FE929CA00349254 /* LaunchScreen.storyboard */ = {
			isa = PBXVariantGroup;
			children = (
				2D2B8FE61FE929CA00349254 /* Base */,
			);
			name = LaunchScreen.storyboard;
			sourceTree = "<group>";
		};
/* End PBXVariantGroup section */

/* Begin XCBuildConfiguration section */
		2D2B8FE91FE929CA00349254 /* Debug */ = {
			isa = XCBuildConfiguration;
			buildSettings = {
				ALWAYS_SEARCH_USER_PATHS = NO;
				CLANG_ANALYZER_NONNULL = YES;
				CLANG_ANALYZER_NUMBER_OBJECT_CONVERSION = YES_AGGRESSIVE;
				CLANG_CXX_LANGUAGE_STANDARD = "gnu++0x";
				CLANG_CXX_LIBRARY = "libc++";
				CLANG_ENABLE_MODULES = YES;
				CLANG_ENABLE_OBJC_ARC = YES;
				CLANG_WARN_BOOL_CONVERSION = YES;
				CLANG_WARN_CONSTANT_CONVERSION = YES;
				CLANG_WARN_DIRECT_OBJC_ISA_USAGE = YES_ERROR;
				CLANG_WARN_DOCUMENTATION_COMMENTS = YES;
				CLANG_WARN_EMPTY_BODY = YES;
				CLANG_WARN_ENUM_CONVERSION = YES;
				CLANG_WARN_INFINITE_RECURSION = YES;
				CLANG_WARN_INT_CONVERSION = YES;
				CLANG_WARN_OBJC_ROOT_CLASS = YES_ERROR;
				CLANG_WARN_SUSPICIOUS_MOVE = YES;
				CLANG_WARN_UNREACHABLE_CODE = YES;
				CLANG_WARN__DUPLICATE_METHOD_MATCH = YES;
				"CODE_SIGN_IDENTITY[sdk=iphoneos*]" = "iPhone Developer";
				COPY_PHASE_STRIP = NO;
				DEBUG_INFORMATION_FORMAT = dwarf;
				ENABLE_STRICT_OBJC_MSGSEND = YES;
				ENABLE_TESTABILITY = YES;
				GCC_C_LANGUAGE_STANDARD = gnu99;
				GCC_DYNAMIC_NO_PIC = NO;
				GCC_NO_COMMON_BLOCKS = YES;
				GCC_OPTIMIZATION_LEVEL = 0;
				GCC_PREPROCESSOR_DEFINITIONS = (
					"DEBUG=1",
					"$(inherited)",
				);
				GCC_WARN_64_TO_32_BIT_CONVERSION = YES;
				GCC_WARN_ABOUT_RETURN_TYPE = YES_ERROR;
				GCC_WARN_UNDECLARED_SELECTOR = YES;
				GCC_WARN_UNINITIALIZED_AUTOS = YES_AGGRESSIVE;
				GCC_WARN_UNUSED_FUNCTION = YES;
				GCC_WARN_UNUSED_VARIABLE = YES;
				IPHONEOS_DEPLOYMENT_TARGET = 10.3;
				MTL_ENABLE_DEBUG_INFO = YES;
				ONLY_ACTIVE_ARCH = YES;
				SDKROOT = iphoneos;
				SWIFT_ACTIVE_COMPILATION_CONDITIONS = DEBUG;
				SWIFT_OPTIMIZATION_LEVEL = "-Onone";
			};
			name = Debug;
		};
		2D2B8FEA1FE929CA00349254 /* Release */ = {
			isa = XCBuildConfiguration;
			buildSettings = {
				ALWAYS_SEARCH_USER_PATHS = NO;
				CLANG_ANALYZER_NONNULL = YES;
				CLANG_ANALYZER_NUMBER_OBJECT_CONVERSION = YES_AGGRESSIVE;
				CLANG_CXX_LANGUAGE_STANDARD = "gnu++0x";
				CLANG_CXX_LIBRARY = "libc++";
				CLANG_ENABLE_MODULES = YES;
				CLANG_ENABLE_OBJC_ARC = YES;
				CLANG_WARN_BOOL_CONVERSION = YES;
				CLANG_WARN_CONSTANT_CONVERSION = YES;
				CLANG_WARN_DIRECT_OBJC_ISA_USAGE = YES_ERROR;
				CLANG_WARN_DOCUMENTATION_COMMENTS = YES;
				CLANG_WARN_EMPTY_BODY = YES;
				CLANG_WARN_ENUM_CONVERSION = YES;
				CLANG_WARN_INFINITE_RECURSION = YES;
				CLANG_WARN_INT_CONVERSION = YES;
				CLANG_WARN_OBJC_ROOT_CLASS = YES_ERROR;
				CLANG_WARN_SUSPICIOUS_MOVE = YES;
				CLANG_WARN_UNREACHABLE_CODE = YES;
				CLANG_WARN__DUPLICATE_METHOD_MATCH = YES;
				"CODE_SIGN_IDENTITY[sdk=iphoneos*]" = "iPhone Developer";
				COPY_PHASE_STRIP = NO;
				DEBUG_INFORMATION_FORMAT = "dwarf-with-dsym";
				ENABLE_NS_ASSERTIONS = NO;
				ENABLE_STRICT_OBJC_MSGSEND = YES;
				GCC_C_LANGUAGE_STANDARD = gnu99;
				GCC_NO_COMMON_BLOCKS = YES;
				GCC_WARN_64_TO_32_BIT_CONVERSION = YES;
				GCC_WARN_ABOUT_RETURN_TYPE = YES_ERROR;
				GCC_WARN_UNDECLARED_SELECTOR = YES;
				GCC_WARN_UNINITIALIZED_AUTOS = YES_AGGRESSIVE;
				GCC_WARN_UNUSED_FUNCTION = YES;
				GCC_WARN_UNUSED_VARIABLE = YES;
				IPHONEOS_DEPLOYMENT_TARGET = 10.3;
				MTL_ENABLE_DEBUG_INFO = NO;
				SDKROOT = iphoneos;
				SWIFT_OPTIMIZATION_LEVEL = "-Owholemodule";
				VALIDATE_PRODUCT = YES;
			};
			name = Release;
		};
		2D2B8FEC1FE929CA00349254 /* Debug */ = {
			isa = XCBuildConfiguration;
			buildSettings = {
				ASSETCATALOG_COMPILER_APPICON_NAME = AppIcon;
				INFOPLIST_FILE = MapKitDemo/Info.plist;
				LD_RUNPATH_SEARCH_PATHS = "$(inherited) @executable_path/Frameworks";
				PRODUCT_BUNDLE_IDENTIFIER = mobio.MapKitDemo;
				PRODUCT_NAME = "$(TARGET_NAME)";
				SWIFT_VERSION = 3.0;
			};
			name = Debug;
		};
		2D2B8FED1FE929CA00349254 /* Release */ = {
			isa = XCBuildConfiguration;
			buildSettings = {
				ASSETCATALOG_COMPILER_APPICON_NAME = AppIcon;
				INFOPLIST_FILE = MapKitDemo/Info.plist;
				LD_RUNPATH_SEARCH_PATHS = "$(inherited) @executable_path/Frameworks";
				PRODUCT_BUNDLE_IDENTIFIER = mobio.MapKitDemo;
				PRODUCT_NAME = "$(TARGET_NAME)";
				SWIFT_VERSION = 3.0;
			};
			name = Release;
		};
/* End XCBuildConfiguration section */

/* Begin XCConfigurationList section */
		2D2B8FD11FE929CA00349254 /* Build configuration list for PBXProject "MapKitDemo" */ = {
			isa = XCConfigurationList;
			buildConfigurations = (
				2D2B8FE91FE929CA00349254 /* Debug */,
				2D2B8FEA1FE929CA00349254 /* Release */,
			);
			defaultConfigurationIsVisible = 0;
			defaultConfigurationName = Release;
		};
		2D2B8FEB1FE929CA00349254 /* Build configuration list for PBXNativeTarget "MapKitDemo" */ = {
			isa = XCConfigurationList;
			buildConfigurations = (
				2D2B8FEC1FE929CA00349254 /* Debug */,
				2D2B8FED1FE929CA00349254 /* Release */,
			);
			defaultConfigurationIsVisible = 0;
			defaultConfigurationName = Release;
		};
/* End XCConfigurationList section */

/* Begin XCVersionGroup section */
		2D2B8FE01FE929CA00349254 /* MapKitDemo.xcdatamodeld */ = {
			isa = XCVersionGroup;
			children = (
				2D2B8FE11FE929CA00349254 /* MapKitDemo.xcdatamodel */,
			);
			currentVersion = 2D2B8FE11FE929CA00349254 /* MapKitDemo.xcdatamodel */;
			path = MapKitDemo.xcdatamodeld;
			sourceTree = "<group>";
			versionGroupType = wrapper.xcdatamodel;
		};
/* End XCVersionGroup section */
	};
	rootObject = 2D2B8FCE1FE929CA00349254 /* Project object */;
}
